{
    "version": 3,
    "terraform_version": "0.11.8",
    "serial": 20,
    "lineage": "e27b50c0-ed20-dda1-2c21-8fff58295cde",
    "modules": [
        {
            "path": [
                "root"
            ],
            "outputs": {},
            "resources": {
                "azurerm_network_interface.myterraformnic1.0": {
                    "type": "azurerm_network_interface",
                    "depends_on": [
                        "azurerm_network_security_group.myterraformnsg1",
                        "azurerm_resource_group.myterraformgroup",
                        "azurerm_subnet.myterraformsubnet"
                    ],
                    "primary": {
                        "id": "/subscriptions/49d2709f-3abb-47e9-abb6-ce0c26be47f2/resourceGroups/RG_Formation/providers/Microsoft.Network/networkInterfaces/myNIC10",
                        "attributes": {
                            "applied_dns_servers.#": "0",
                            "dns_servers.#": "0",
                            "enable_accelerated_networking": "false",
                            "enable_ip_forwarding": "false",
                            "id": "/subscriptions/49d2709f-3abb-47e9-abb6-ce0c26be47f2/resourceGroups/RG_Formation/providers/Microsoft.Network/networkInterfaces/myNIC10",
                            "internal_dns_name_label": "",
                            "internal_fqdn": "",
                            "ip_configuration.#": "1",
                            "ip_configuration.0.application_gateway_backend_address_pools_ids.#": "0",
                            "ip_configuration.0.application_security_group_ids.#": "0",
                            "ip_configuration.0.load_balancer_backend_address_pools_ids.#": "0",
                            "ip_configuration.0.load_balancer_inbound_nat_rules_ids.#": "0",
                            "ip_configuration.0.name": "myNicConfiguration",
                            "ip_configuration.0.primary": "true",
                            "ip_configuration.0.private_ip_address": "10.0.2.5",
                            "ip_configuration.0.private_ip_address_allocation": "static",
                            "ip_configuration.0.public_ip_address_id": "",
                            "ip_configuration.0.subnet_id": "/subscriptions/49d2709f-3abb-47e9-abb6-ce0c26be47f2/resourceGroups/RG_Formation/providers/Microsoft.Network/virtualNetworks/myVnet/subnets/mySubnet",
                            "location": "eastus",
                            "mac_address": "00-0D-3A-4F-56-10",
                            "name": "myNIC10",
                            "network_security_group_id": "/subscriptions/49d2709f-3abb-47e9-abb6-ce0c26be47f2/resourceGroups/RG_Formation/providers/Microsoft.Network/networkSecurityGroups/myNetworkSecurityGroup1",
                            "private_ip_address": "10.0.2.5",
                            "private_ip_addresses.#": "1",
                            "private_ip_addresses.0": "10.0.2.5",
                            "resource_group_name": "RG_Formation",
                            "tags.%": "1",
                            "tags.environment": "Terraform Demo",
                            "virtual_machine_id": "/subscriptions/49d2709f-3abb-47e9-abb6-ce0c26be47f2/resourceGroups/RG_Formation/providers/Microsoft.Compute/virtualMachines/myVM10"
                        },
                        "meta": {},
                        "tainted": false
                    },
                    "deposed": [],
                    "provider": "provider.azurerm"
                },
                "azurerm_network_interface.myterraformnic1.1": {
                    "type": "azurerm_network_interface",
                    "depends_on": [
                        "azurerm_network_security_group.myterraformnsg1",
                        "azurerm_resource_group.myterraformgroup",
                        "azurerm_subnet.myterraformsubnet"
                    ],
                    "primary": {
                        "id": "/subscriptions/49d2709f-3abb-47e9-abb6-ce0c26be47f2/resourceGroups/RG_Formation/providers/Microsoft.Network/networkInterfaces/myNIC11",
                        "attributes": {
                            "applied_dns_servers.#": "0",
                            "dns_servers.#": "0",
                            "enable_accelerated_networking": "false",
                            "enable_ip_forwarding": "false",
                            "id": "/subscriptions/49d2709f-3abb-47e9-abb6-ce0c26be47f2/resourceGroups/RG_Formation/providers/Microsoft.Network/networkInterfaces/myNIC11",
                            "internal_dns_name_label": "",
                            "internal_fqdn": "",
                            "ip_configuration.#": "1",
                            "ip_configuration.0.application_gateway_backend_address_pools_ids.#": "0",
                            "ip_configuration.0.application_security_group_ids.#": "0",
                            "ip_configuration.0.load_balancer_backend_address_pools_ids.#": "0",
                            "ip_configuration.0.load_balancer_inbound_nat_rules_ids.#": "0",
                            "ip_configuration.0.name": "myNicConfiguration",
                            "ip_configuration.0.primary": "true",
                            "ip_configuration.0.private_ip_address": "10.0.2.6",
                            "ip_configuration.0.private_ip_address_allocation": "static",
                            "ip_configuration.0.public_ip_address_id": "",
                            "ip_configuration.0.subnet_id": "/subscriptions/49d2709f-3abb-47e9-abb6-ce0c26be47f2/resourceGroups/RG_Formation/providers/Microsoft.Network/virtualNetworks/myVnet/subnets/mySubnet",
                            "location": "eastus",
                            "mac_address": "00-0D-3A-4F-51-5E",
                            "name": "myNIC11",
                            "network_security_group_id": "/subscriptions/49d2709f-3abb-47e9-abb6-ce0c26be47f2/resourceGroups/RG_Formation/providers/Microsoft.Network/networkSecurityGroups/myNetworkSecurityGroup1",
                            "private_ip_address": "10.0.2.6",
                            "private_ip_addresses.#": "1",
                            "private_ip_addresses.0": "10.0.2.6",
                            "resource_group_name": "RG_Formation",
                            "tags.%": "1",
                            "tags.environment": "Terraform Demo",
                            "virtual_machine_id": "/subscriptions/49d2709f-3abb-47e9-abb6-ce0c26be47f2/resourceGroups/RG_Formation/providers/Microsoft.Compute/virtualMachines/myVM11"
                        },
                        "meta": {},
                        "tainted": false
                    },
                    "deposed": [],
                    "provider": "provider.azurerm"
                },
                "azurerm_network_interface.myterraformnic1.2": {
                    "type": "azurerm_network_interface",
                    "depends_on": [
                        "azurerm_network_security_group.myterraformnsg1",
                        "azurerm_resource_group.myterraformgroup",
                        "azurerm_subnet.myterraformsubnet"
                    ],
                    "primary": {
                        "id": "/subscriptions/49d2709f-3abb-47e9-abb6-ce0c26be47f2/resourceGroups/RG_Formation/providers/Microsoft.Network/networkInterfaces/myNIC12",
                        "attributes": {
                            "applied_dns_servers.#": "0",
                            "dns_servers.#": "0",
                            "enable_accelerated_networking": "false",
                            "enable_ip_forwarding": "false",
                            "id": "/subscriptions/49d2709f-3abb-47e9-abb6-ce0c26be47f2/resourceGroups/RG_Formation/providers/Microsoft.Network/networkInterfaces/myNIC12",
                            "internal_dns_name_label": "",
                            "internal_fqdn": "",
                            "ip_configuration.#": "1",
                            "ip_configuration.0.application_gateway_backend_address_pools_ids.#": "0",
                            "ip_configuration.0.application_security_group_ids.#": "0",
                            "ip_configuration.0.load_balancer_backend_address_pools_ids.#": "0",
                            "ip_configuration.0.load_balancer_inbound_nat_rules_ids.#": "0",
                            "ip_configuration.0.name": "myNicConfiguration",
                            "ip_configuration.0.primary": "true",
                            "ip_configuration.0.private_ip_address": "10.0.2.7",
                            "ip_configuration.0.private_ip_address_allocation": "static",
                            "ip_configuration.0.public_ip_address_id": "",
                            "ip_configuration.0.subnet_id": "/subscriptions/49d2709f-3abb-47e9-abb6-ce0c26be47f2/resourceGroups/RG_Formation/providers/Microsoft.Network/virtualNetworks/myVnet/subnets/mySubnet",
                            "location": "eastus",
                            "mac_address": "00-0D-3A-4F-51-D7",
                            "name": "myNIC12",
                            "network_security_group_id": "/subscriptions/49d2709f-3abb-47e9-abb6-ce0c26be47f2/resourceGroups/RG_Formation/providers/Microsoft.Network/networkSecurityGroups/myNetworkSecurityGroup1",
                            "private_ip_address": "10.0.2.7",
                            "private_ip_addresses.#": "1",
                            "private_ip_addresses.0": "10.0.2.7",
                            "resource_group_name": "RG_Formation",
                            "tags.%": "1",
                            "tags.environment": "Terraform Demo",
                            "virtual_machine_id": "/subscriptions/49d2709f-3abb-47e9-abb6-ce0c26be47f2/resourceGroups/RG_Formation/providers/Microsoft.Compute/virtualMachines/myVM12"
                        },
                        "meta": {},
                        "tainted": false
                    },
                    "deposed": [],
                    "provider": "provider.azurerm"
                },
                "azurerm_network_interface.myterraformnic5": {
                    "type": "azurerm_network_interface",
                    "depends_on": [
                        "azurerm_network_security_group.myterraformnsg5",
                        "azurerm_public_ip.myterraformpublicip5",
                        "azurerm_resource_group.myterraformgroup5",
                        "azurerm_subnet.myterraformsubnet5"
                    ],
                    "primary": {
                        "id": "/subscriptions/49d2709f-3abb-47e9-abb6-ce0c26be47f2/resourceGroups/RG_Formation5/providers/Microsoft.Network/networkInterfaces/myNIC5",
                        "attributes": {
                            "applied_dns_servers.#": "0",
                            "dns_servers.#": "0",
                            "enable_accelerated_networking": "false",
                            "enable_ip_forwarding": "false",
                            "id": "/subscriptions/49d2709f-3abb-47e9-abb6-ce0c26be47f2/resourceGroups/RG_Formation5/providers/Microsoft.Network/networkInterfaces/myNIC5",
                            "internal_dns_name_label": "",
                            "internal_fqdn": "",
                            "ip_configuration.#": "1",
                            "ip_configuration.0.application_gateway_backend_address_pools_ids.#": "0",
                            "ip_configuration.0.application_security_group_ids.#": "0",
                            "ip_configuration.0.load_balancer_backend_address_pools_ids.#": "0",
                            "ip_configuration.0.load_balancer_inbound_nat_rules_ids.#": "0",
                            "ip_configuration.0.name": "myNicConfiguration5",
                            "ip_configuration.0.primary": "true",
                            "ip_configuration.0.private_ip_address": "10.0.2.8",
                            "ip_configuration.0.private_ip_address_allocation": "static",
                            "ip_configuration.0.public_ip_address_id": "/subscriptions/49d2709f-3abb-47e9-abb6-ce0c26be47f2/resourceGroups/RG_Formation/providers/Microsoft.Network/publicIPAddresses/myPublicIP5",
                            "ip_configuration.0.subnet_id": "/subscriptions/49d2709f-3abb-47e9-abb6-ce0c26be47f2/resourceGroups/RG_Formation5/providers/Microsoft.Network/virtualNetworks/myVnet5/subnets/mySubnet5",
                            "location": "westeurope",
                            "mac_address": "00-0D-3A-45-F8-BB",
                            "name": "myNIC5",
                            "network_security_group_id": "/subscriptions/49d2709f-3abb-47e9-abb6-ce0c26be47f2/resourceGroups/RG_Formation5/providers/Microsoft.Network/networkSecurityGroups/myNetworkSecurityGroup5",
                            "private_ip_address": "10.0.2.8",
                            "private_ip_addresses.#": "1",
                            "private_ip_addresses.0": "10.0.2.8",
                            "resource_group_name": "RG_Formation5",
                            "tags.%": "1",
                            "tags.environment": "Terraform Demo5",
                            "virtual_machine_id": "/subscriptions/49d2709f-3abb-47e9-abb6-ce0c26be47f2/resourceGroups/RG_Formation5/providers/Microsoft.Compute/virtualMachines/myVM5"
                        },
                        "meta": {},
                        "tainted": false
                    },
                    "deposed": [],
                    "provider": "provider.azurerm"
                },
                "azurerm_network_security_group.myterraformnsg1": {
                    "type": "azurerm_network_security_group",
                    "depends_on": [
                        "azurerm_resource_group.myterraformgroup"
                    ],
                    "primary": {
                        "id": "/subscriptions/49d2709f-3abb-47e9-abb6-ce0c26be47f2/resourceGroups/RG_Formation/providers/Microsoft.Network/networkSecurityGroups/myNetworkSecurityGroup1",
                        "attributes": {
                            "id": "/subscriptions/49d2709f-3abb-47e9-abb6-ce0c26be47f2/resourceGroups/RG_Formation/providers/Microsoft.Network/networkSecurityGroups/myNetworkSecurityGroup1",
                            "location": "eastus",
                            "name": "myNetworkSecurityGroup1",
                            "resource_group_name": "RG_Formation",
                            "security_rule.#": "1",
                            "security_rule.2090309246.access": "Allow",
                            "security_rule.2090309246.description": "",
                            "security_rule.2090309246.destination_address_prefix": "*",
                            "security_rule.2090309246.destination_address_prefixes.#": "0",
                            "security_rule.2090309246.destination_application_security_group_ids.#": "0",
                            "security_rule.2090309246.destination_port_range": "22",
                            "security_rule.2090309246.destination_port_ranges.#": "0",
                            "security_rule.2090309246.direction": "Inbound",
                            "security_rule.2090309246.name": "SSH",
                            "security_rule.2090309246.priority": "1001",
                            "security_rule.2090309246.protocol": "Tcp",
                            "security_rule.2090309246.source_address_prefix": "*",
                            "security_rule.2090309246.source_address_prefixes.#": "0",
                            "security_rule.2090309246.source_application_security_group_ids.#": "0",
                            "security_rule.2090309246.source_port_range": "*",
                            "security_rule.2090309246.source_port_ranges.#": "0",
                            "tags.%": "1",
                            "tags.environment": "Terraform Demo"
                        },
                        "meta": {},
                        "tainted": false
                    },
                    "deposed": [],
                    "provider": "provider.azurerm"
                },
                "azurerm_network_security_group.myterraformnsg5": {
                    "type": "azurerm_network_security_group",
                    "depends_on": [
                        "azurerm_resource_group.myterraformgroup5"
                    ],
                    "primary": {
                        "id": "/subscriptions/49d2709f-3abb-47e9-abb6-ce0c26be47f2/resourceGroups/RG_Formation5/providers/Microsoft.Network/networkSecurityGroups/myNetworkSecurityGroup5",
                        "attributes": {
                            "id": "/subscriptions/49d2709f-3abb-47e9-abb6-ce0c26be47f2/resourceGroups/RG_Formation5/providers/Microsoft.Network/networkSecurityGroups/myNetworkSecurityGroup5",
                            "location": "westeurope",
                            "name": "myNetworkSecurityGroup5",
                            "resource_group_name": "RG_Formation5",
                            "security_rule.#": "0",
                            "tags.%": "1",
                            "tags.environment": "Terraform Demo5"
                        },
                        "meta": {},
                        "tainted": false
                    },
                    "deposed": [],
                    "provider": "provider.azurerm"
                },
                "azurerm_public_ip.myterraformpublicip1.0": {
                    "type": "azurerm_public_ip",
                    "depends_on": [
                        "azurerm_resource_group.myterraformgroup"
                    ],
                    "primary": {
                        "id": "/subscriptions/49d2709f-3abb-47e9-abb6-ce0c26be47f2/resourceGroups/RG_Formation/providers/Microsoft.Network/publicIPAddresses/myPublicIP10",
                        "attributes": {
                            "id": "/subscriptions/49d2709f-3abb-47e9-abb6-ce0c26be47f2/resourceGroups/RG_Formation/providers/Microsoft.Network/publicIPAddresses/myPublicIP10",
                            "ip_address": "40.117.74.20",
                            "location": "eastus",
                            "name": "myPublicIP10",
                            "public_ip_address_allocation": "static",
                            "resource_group_name": "RG_Formation",
                            "sku": "Basic",
                            "tags.%": "1",
                            "tags.environment": "Terraform Demo",
                            "zones.#": "0"
                        },
                        "meta": {},
                        "tainted": false
                    },
                    "deposed": [],
                    "provider": "provider.azurerm"
                },
                "azurerm_public_ip.myterraformpublicip1.1": {
                    "type": "azurerm_public_ip",
                    "depends_on": [
                        "azurerm_resource_group.myterraformgroup"
                    ],
                    "primary": {
                        "id": "/subscriptions/49d2709f-3abb-47e9-abb6-ce0c26be47f2/resourceGroups/RG_Formation/providers/Microsoft.Network/publicIPAddresses/myPublicIP11",
                        "attributes": {
                            "id": "/subscriptions/49d2709f-3abb-47e9-abb6-ce0c26be47f2/resourceGroups/RG_Formation/providers/Microsoft.Network/publicIPAddresses/myPublicIP11",
                            "ip_address": "40.117.76.209",
                            "location": "eastus",
                            "name": "myPublicIP11",
                            "public_ip_address_allocation": "static",
                            "resource_group_name": "RG_Formation",
                            "sku": "Basic",
                            "tags.%": "1",
                            "tags.environment": "Terraform Demo",
                            "zones.#": "0"
                        },
                        "meta": {},
                        "tainted": false
                    },
                    "deposed": [],
                    "provider": "provider.azurerm"
                },
                "azurerm_public_ip.myterraformpublicip1.2": {
                    "type": "azurerm_public_ip",
                    "depends_on": [
                        "azurerm_resource_group.myterraformgroup"
                    ],
                    "primary": {
                        "id": "/subscriptions/49d2709f-3abb-47e9-abb6-ce0c26be47f2/resourceGroups/RG_Formation/providers/Microsoft.Network/publicIPAddresses/myPublicIP12",
                        "attributes": {
                            "id": "/subscriptions/49d2709f-3abb-47e9-abb6-ce0c26be47f2/resourceGroups/RG_Formation/providers/Microsoft.Network/publicIPAddresses/myPublicIP12",
                            "ip_address": "40.117.78.255",
                            "location": "eastus",
                            "name": "myPublicIP12",
                            "public_ip_address_allocation": "static",
                            "resource_group_name": "RG_Formation",
                            "sku": "Basic",
                            "tags.%": "1",
                            "tags.environment": "Terraform Demo",
                            "zones.#": "0"
                        },
                        "meta": {},
                        "tainted": false
                    },
                    "deposed": [],
                    "provider": "provider.azurerm"
                },
                "azurerm_public_ip.myterraformpublicip5": {
                    "type": "azurerm_public_ip",
                    "depends_on": [
                        "azurerm_resource_group.myterraformgroup"
                    ],
                    "primary": {
                        "id": "/subscriptions/49d2709f-3abb-47e9-abb6-ce0c26be47f2/resourceGroups/RG_Formation/providers/Microsoft.Network/publicIPAddresses/myPublicIP5",
                        "attributes": {
                            "id": "/subscriptions/49d2709f-3abb-47e9-abb6-ce0c26be47f2/resourceGroups/RG_Formation/providers/Microsoft.Network/publicIPAddresses/myPublicIP5",
                            "ip_address": "13.80.6.239",
                            "location": "westeurope",
                            "name": "myPublicIP5",
                            "public_ip_address_allocation": "dynamic",
                            "resource_group_name": "RG_Formation",
                            "sku": "Basic",
                            "tags.%": "1",
                            "tags.environment": "Terraform Demo5",
                            "zones.#": "0"
                        },
                        "meta": {},
                        "tainted": false
                    },
                    "deposed": [],
                    "provider": "provider.azurerm"
                },
                "azurerm_resource_group.myterraformgroup": {
                    "type": "azurerm_resource_group",
                    "depends_on": [],
                    "primary": {
                        "id": "/subscriptions/49d2709f-3abb-47e9-abb6-ce0c26be47f2/resourceGroups/RG_Formation",
                        "attributes": {
                            "id": "/subscriptions/49d2709f-3abb-47e9-abb6-ce0c26be47f2/resourceGroups/RG_Formation",
                            "location": "eastus",
                            "name": "RG_Formation",
                            "tags.%": "1",
                            "tags.environment": "Terraform Demo"
                        },
                        "meta": {},
                        "tainted": false
                    },
                    "deposed": [],
                    "provider": "provider.azurerm"
                },
                "azurerm_resource_group.myterraformgroup5": {
                    "type": "azurerm_resource_group",
                    "depends_on": [],
                    "primary": {
                        "id": "/subscriptions/49d2709f-3abb-47e9-abb6-ce0c26be47f2/resourceGroups/RG_Formation5",
                        "attributes": {
                            "id": "/subscriptions/49d2709f-3abb-47e9-abb6-ce0c26be47f2/resourceGroups/RG_Formation5",
                            "location": "westeurope",
                            "name": "RG_Formation5",
                            "tags.%": "1",
                            "tags.environment": "Terraform Demo5"
                        },
                        "meta": {},
                        "tainted": false
                    },
                    "deposed": [],
                    "provider": "provider.azurerm"
                },
                "azurerm_storage_account.mystorageaccount": {
                    "type": "azurerm_storage_account",
                    "depends_on": [
                        "azurerm_resource_group.myterraformgroup",
                        "random_id.randomId"
                    ],
                    "primary": {
                        "id": "/subscriptions/49d2709f-3abb-47e9-abb6-ce0c26be47f2/resourceGroups/RG_Formation/providers/Microsoft.Storage/storageAccounts/diag63bc56d7aa00f80e",
                        "attributes": {
                            "access_tier": "",
                            "account_encryption_source": "Microsoft.Storage",
                            "account_kind": "Storage",
                            "account_replication_type": "LRS",
                            "account_tier": "Standard",
                            "account_type": "Standard_LRS",
                            "enable_blob_encryption": "true",
                            "enable_file_encryption": "true",
                            "enable_https_traffic_only": "false",
                            "id": "/subscriptions/49d2709f-3abb-47e9-abb6-ce0c26be47f2/resourceGroups/RG_Formation/providers/Microsoft.Storage/storageAccounts/diag63bc56d7aa00f80e",
                            "identity.#": "0",
                            "location": "eastus",
                            "name": "diag63bc56d7aa00f80e",
                            "network_rules.#": "0",
                            "primary_access_key": "fugdsJGxEIBs/2FJrQ66HLbA69IcvIXMnEsxW01Xt65eCEKJAbrLZu2wq3BpQO4/TBWgSF8MQM7EwOpjK+UscA==",
                            "primary_blob_connection_string": "DefaultEndpointsProtocol=https;BlobEndpoint=https://diag63bc56d7aa00f80e.blob.core.windows.net/;AccountName=diag63bc56d7aa00f80e;AccountKey=fugdsJGxEIBs/2FJrQ66HLbA69IcvIXMnEsxW01Xt65eCEKJAbrLZu2wq3BpQO4/TBWgSF8MQM7EwOpjK+UscA==",
                            "primary_blob_endpoint": "https://diag63bc56d7aa00f80e.blob.core.windows.net/",
                            "primary_connection_string": "DefaultEndpointsProtocol=https;AccountName=diag63bc56d7aa00f80e;AccountKey=fugdsJGxEIBs/2FJrQ66HLbA69IcvIXMnEsxW01Xt65eCEKJAbrLZu2wq3BpQO4/TBWgSF8MQM7EwOpjK+UscA==;EndpointSuffix=core.windows.net",
                            "primary_file_endpoint": "https://diag63bc56d7aa00f80e.file.core.windows.net/",
                            "primary_location": "eastus",
                            "primary_queue_endpoint": "https://diag63bc56d7aa00f80e.queue.core.windows.net/",
                            "primary_table_endpoint": "https://diag63bc56d7aa00f80e.table.core.windows.net/",
                            "resource_group_name": "RG_Formation",
                            "secondary_access_key": "Vmgfxpd2rTTIPvXP0HOgodE+8ZiqHSlkTBK16nIK2LR8tLx8ArWN4/ROj2kYvO/SYgOxWVgW8D0c1Lj5zJ1REA==",
                            "secondary_connection_string": "DefaultEndpointsProtocol=https;AccountName=diag63bc56d7aa00f80e;AccountKey=Vmgfxpd2rTTIPvXP0HOgodE+8ZiqHSlkTBK16nIK2LR8tLx8ArWN4/ROj2kYvO/SYgOxWVgW8D0c1Lj5zJ1REA==;EndpointSuffix=core.windows.net",
                            "secondary_location": "",
                            "tags.%": "1",
                            "tags.environment": "Terraform Demo"
                        },
                        "meta": {
                            "schema_version": "2"
                        },
                        "tainted": false
                    },
                    "deposed": [],
                    "provider": "provider.azurerm"
                },
                "azurerm_storage_account.mystorageaccount5": {
                    "type": "azurerm_storage_account",
                    "depends_on": [
                        "azurerm_resource_group.myterraformgroup5",
                        "random_id.randomId5"
                    ],
                    "primary": {
                        "id": "/subscriptions/49d2709f-3abb-47e9-abb6-ce0c26be47f2/resourceGroups/RG_Formation5/providers/Microsoft.Storage/storageAccounts/diagf11e25545f05033e",
                        "attributes": {
                            "access_tier": "",
                            "account_encryption_source": "Microsoft.Storage",
                            "account_kind": "Storage",
                            "account_replication_type": "LRS",
                            "account_tier": "Standard",
                            "account_type": "Standard_LRS",
                            "enable_blob_encryption": "true",
                            "enable_file_encryption": "true",
                            "enable_https_traffic_only": "false",
                            "id": "/subscriptions/49d2709f-3abb-47e9-abb6-ce0c26be47f2/resourceGroups/RG_Formation5/providers/Microsoft.Storage/storageAccounts/diagf11e25545f05033e",
                            "identity.#": "0",
                            "location": "westeurope",
                            "name": "diagf11e25545f05033e",
                            "network_rules.#": "0",
                            "primary_access_key": "G04efWHHQvyUwpSDFh0xjKSQPdyYMhOOs6jvUI5bB5vl6x8ecBPNOSgxqK44o2GlSIdP5qm7fWcu823FuJ0Ejw==",
                            "primary_blob_connection_string": "DefaultEndpointsProtocol=https;BlobEndpoint=https://diagf11e25545f05033e.blob.core.windows.net/;AccountName=diagf11e25545f05033e;AccountKey=G04efWHHQvyUwpSDFh0xjKSQPdyYMhOOs6jvUI5bB5vl6x8ecBPNOSgxqK44o2GlSIdP5qm7fWcu823FuJ0Ejw==",
                            "primary_blob_endpoint": "https://diagf11e25545f05033e.blob.core.windows.net/",
                            "primary_connection_string": "DefaultEndpointsProtocol=https;AccountName=diagf11e25545f05033e;AccountKey=G04efWHHQvyUwpSDFh0xjKSQPdyYMhOOs6jvUI5bB5vl6x8ecBPNOSgxqK44o2GlSIdP5qm7fWcu823FuJ0Ejw==;EndpointSuffix=core.windows.net",
                            "primary_file_endpoint": "https://diagf11e25545f05033e.file.core.windows.net/",
                            "primary_location": "westeurope",
                            "primary_queue_endpoint": "https://diagf11e25545f05033e.queue.core.windows.net/",
                            "primary_table_endpoint": "https://diagf11e25545f05033e.table.core.windows.net/",
                            "resource_group_name": "RG_Formation5",
                            "secondary_access_key": "y6o/ihIPjFssuN4NKuXh5A7iQDJVzCL1pOM9IBwmK5WLHJ3PsJYHlt9AFWroRc8UhBv3zs9gbbA228ivREujUA==",
                            "secondary_connection_string": "DefaultEndpointsProtocol=https;AccountName=diagf11e25545f05033e;AccountKey=y6o/ihIPjFssuN4NKuXh5A7iQDJVzCL1pOM9IBwmK5WLHJ3PsJYHlt9AFWroRc8UhBv3zs9gbbA228ivREujUA==;EndpointSuffix=core.windows.net",
                            "secondary_location": "",
                            "tags.%": "1",
                            "tags.environment": "Terraform Demo5"
                        },
                        "meta": {
                            "schema_version": "2"
                        },
                        "tainted": false
                    },
                    "deposed": [],
                    "provider": "provider.azurerm"
                },
                "azurerm_subnet.myterraformsubnet": {
                    "type": "azurerm_subnet",
                    "depends_on": [
                        "azurerm_resource_group.myterraformgroup",
                        "azurerm_virtual_network.myterraformnetwork"
                    ],
                    "primary": {
                        "id": "/subscriptions/49d2709f-3abb-47e9-abb6-ce0c26be47f2/resourceGroups/RG_Formation/providers/Microsoft.Network/virtualNetworks/myVnet/subnets/mySubnet",
                        "attributes": {
                            "address_prefix": "10.0.2.0/24",
                            "id": "/subscriptions/49d2709f-3abb-47e9-abb6-ce0c26be47f2/resourceGroups/RG_Formation/providers/Microsoft.Network/virtualNetworks/myVnet/subnets/mySubnet",
                            "ip_configurations.#": "3",
                            "ip_configurations.1250857450": "/subscriptions/49d2709f-3abb-47e9-abb6-ce0c26be47f2/resourceGroups/RG_Formation/providers/Microsoft.Network/networkInterfaces/myNIC10/ipConfigurations/myNicConfiguration",
                            "ip_configurations.2417998229": "/subscriptions/49d2709f-3abb-47e9-abb6-ce0c26be47f2/resourceGroups/RG_Formation/providers/Microsoft.Network/networkInterfaces/myNIC12/ipConfigurations/myNicConfiguration",
                            "ip_configurations.3397289717": "/subscriptions/49d2709f-3abb-47e9-abb6-ce0c26be47f2/resourceGroups/RG_Formation/providers/Microsoft.Network/networkInterfaces/myNIC11/ipConfigurations/myNicConfiguration",
                            "name": "mySubnet",
                            "resource_group_name": "RG_Formation",
                            "service_endpoints.#": "0",
                            "virtual_network_name": "myVnet"
                        },
                        "meta": {},
                        "tainted": false
                    },
                    "deposed": [],
                    "provider": "provider.azurerm"
                },
                "azurerm_subnet.myterraformsubnet5": {
                    "type": "azurerm_subnet",
                    "depends_on": [
                        "azurerm_resource_group.myterraformgroup5",
                        "azurerm_virtual_network.myterraformnetwork5"
                    ],
                    "primary": {
                        "id": "/subscriptions/49d2709f-3abb-47e9-abb6-ce0c26be47f2/resourceGroups/RG_Formation5/providers/Microsoft.Network/virtualNetworks/myVnet5/subnets/mySubnet5",
                        "attributes": {
                            "address_prefix": "10.0.2.0/24",
                            "id": "/subscriptions/49d2709f-3abb-47e9-abb6-ce0c26be47f2/resourceGroups/RG_Formation5/providers/Microsoft.Network/virtualNetworks/myVnet5/subnets/mySubnet5",
                            "ip_configurations.#": "1",
                            "ip_configurations.1532322029": "/subscriptions/49d2709f-3abb-47e9-abb6-ce0c26be47f2/resourceGroups/RG_Formation5/providers/Microsoft.Network/networkInterfaces/myNIC5/ipConfigurations/myNicConfiguration5",
                            "name": "mySubnet5",
                            "resource_group_name": "RG_Formation5",
                            "service_endpoints.#": "0",
                            "virtual_network_name": "myVnet5"
                        },
                        "meta": {},
                        "tainted": false
                    },
                    "deposed": [],
                    "provider": "provider.azurerm"
                },
                "azurerm_virtual_machine.myterraformvm1.0": {
                    "type": "azurerm_virtual_machine",
                    "depends_on": [
                        "azurerm_network_interface.myterraformnic1.*",
                        "azurerm_resource_group.myterraformgroup",
                        "azurerm_storage_account.mystorageaccount"
                    ],
                    "primary": {
                        "id": "/subscriptions/49d2709f-3abb-47e9-abb6-ce0c26be47f2/resourceGroups/RG_Formation/providers/Microsoft.Compute/virtualMachines/myVM10",
                        "attributes": {
                            "boot_diagnostics.#": "1",
                            "boot_diagnostics.0.enabled": "true",
                            "boot_diagnostics.0.storage_uri": "https://diag63bc56d7aa00f80e.blob.core.windows.net/",
                            "delete_data_disks_on_termination": "false",
                            "delete_os_disk_on_termination": "false",
                            "id": "/subscriptions/49d2709f-3abb-47e9-abb6-ce0c26be47f2/resourceGroups/RG_Formation/providers/Microsoft.Compute/virtualMachines/myVM10",
                            "identity.#": "0",
                            "location": "eastus",
                            "name": "myVM10",
                            "network_interface_ids.#": "1",
                            "network_interface_ids.0": "/subscriptions/49d2709f-3abb-47e9-abb6-ce0c26be47f2/resourceGroups/RG_Formation/providers/Microsoft.Network/networkInterfaces/myNIC10",
                            "os_profile.#": "1",
                            "os_profile.2904301837.admin_password": "",
                            "os_profile.2904301837.admin_username": "azureuser",
                            "os_profile.2904301837.computer_name": "myvm10",
                            "os_profile.2904301837.custom_data": "",
                            "os_profile_linux_config.#": "1",
                            "os_profile_linux_config.69840937.disable_password_authentication": "true",
                            "os_profile_linux_config.69840937.ssh_keys.#": "1",
                            "os_profile_linux_config.69840937.ssh_keys.0.key_data": "ssh-rsa AAAAB3NzaC1yc2EAAAADAQABAAABAQDCuCTfAFjUJspUxmfT16TN8vYHTbxaSNz2ipSRFlF8GopYk76krvGLWFVmFZ9DPdX9Xgj6G9TCfqE0WGx/Me/3TESwpPMIf47en7tDfgrCDWMtnDv6uZkdBlQ4NaNS+PZJ4HvsETDOEzP3ea7Kwoy3VI5f8wSzxycdxCle/q1NfxrzFMiHazCOMUG/znMYoJEM2yyP/1lMxO1LXN3hpjGZNxFC9JtDmTmDRc706qtBfzwy5m3HbfdRAU65o3XgxjW/4nTm7vBnVT2/5VwPkhaAlL+QiJ0+zOrOsEUSyY/dO82yohVV7DpaS648usunEyPn5RKwqC7uZfDQJxkwH9wX root@CentOs.formation",
                            "os_profile_linux_config.69840937.ssh_keys.0.path": "/home/azureuser/.ssh/authorized_keys",
                            "os_profile_secrets.#": "0",
                            "resource_group_name": "RG_Formation",
                            "storage_data_disk.#": "0",
                            "storage_image_reference.#": "1",
                            "storage_image_reference.363552096.id": "",
                            "storage_image_reference.363552096.offer": "UbuntuServer",
                            "storage_image_reference.363552096.publisher": "Canonical",
                            "storage_image_reference.363552096.sku": "16.04.0-LTS",
                            "storage_image_reference.363552096.version": "latest",
                            "storage_os_disk.#": "1",
                            "storage_os_disk.0.caching": "ReadWrite",
                            "storage_os_disk.0.create_option": "FromImage",
                            "storage_os_disk.0.disk_size_gb": "30",
                            "storage_os_disk.0.image_uri": "",
                            "storage_os_disk.0.managed_disk_id": "/subscriptions/49d2709f-3abb-47e9-abb6-ce0c26be47f2/resourceGroups/RG_Formation/providers/Microsoft.Compute/disks/myOsDisk10",
                            "storage_os_disk.0.managed_disk_type": "Premium_LRS",
                            "storage_os_disk.0.name": "myOsDisk10",
                            "storage_os_disk.0.os_type": "Linux",
                            "storage_os_disk.0.vhd_uri": "",
                            "storage_os_disk.0.write_accelerator_enabled": "false",
                            "tags.%": "1",
                            "tags.environment": "Terraform Demo",
                            "vm_size": "Standard_DS1_v2",
                            "zones.#": "0"
                        },
                        "meta": {},
                        "tainted": false
                    },
                    "deposed": [],
                    "provider": "provider.azurerm"
                },
                "azurerm_virtual_machine.myterraformvm1.1": {
                    "type": "azurerm_virtual_machine",
                    "depends_on": [
                        "azurerm_network_interface.myterraformnic1.*",
                        "azurerm_resource_group.myterraformgroup",
                        "azurerm_storage_account.mystorageaccount"
                    ],
                    "primary": {
                        "id": "/subscriptions/49d2709f-3abb-47e9-abb6-ce0c26be47f2/resourceGroups/RG_Formation/providers/Microsoft.Compute/virtualMachines/myVM11",
                        "attributes": {
                            "boot_diagnostics.#": "1",
                            "boot_diagnostics.0.enabled": "true",
                            "boot_diagnostics.0.storage_uri": "https://diag63bc56d7aa00f80e.blob.core.windows.net/",
                            "delete_data_disks_on_termination": "false",
                            "delete_os_disk_on_termination": "false",
                            "id": "/subscriptions/49d2709f-3abb-47e9-abb6-ce0c26be47f2/resourceGroups/RG_Formation/providers/Microsoft.Compute/virtualMachines/myVM11",
                            "identity.#": "0",
                            "location": "eastus",
                            "name": "myVM11",
                            "network_interface_ids.#": "1",
                            "network_interface_ids.0": "/subscriptions/49d2709f-3abb-47e9-abb6-ce0c26be47f2/resourceGroups/RG_Formation/providers/Microsoft.Network/networkInterfaces/myNIC11",
                            "os_profile.#": "1",
                            "os_profile.3020361804.admin_password": "",
                            "os_profile.3020361804.admin_username": "azureuser",
                            "os_profile.3020361804.computer_name": "myvm11",
                            "os_profile.3020361804.custom_data": "",
                            "os_profile_linux_config.#": "1",
                            "os_profile_linux_config.69840937.disable_password_authentication": "true",
                            "os_profile_linux_config.69840937.ssh_keys.#": "1",
                            "os_profile_linux_config.69840937.ssh_keys.0.key_data": "ssh-rsa AAAAB3NzaC1yc2EAAAADAQABAAABAQDCuCTfAFjUJspUxmfT16TN8vYHTbxaSNz2ipSRFlF8GopYk76krvGLWFVmFZ9DPdX9Xgj6G9TCfqE0WGx/Me/3TESwpPMIf47en7tDfgrCDWMtnDv6uZkdBlQ4NaNS+PZJ4HvsETDOEzP3ea7Kwoy3VI5f8wSzxycdxCle/q1NfxrzFMiHazCOMUG/znMYoJEM2yyP/1lMxO1LXN3hpjGZNxFC9JtDmTmDRc706qtBfzwy5m3HbfdRAU65o3XgxjW/4nTm7vBnVT2/5VwPkhaAlL+QiJ0+zOrOsEUSyY/dO82yohVV7DpaS648usunEyPn5RKwqC7uZfDQJxkwH9wX root@CentOs.formation",
                            "os_profile_linux_config.69840937.ssh_keys.0.path": "/home/azureuser/.ssh/authorized_keys",
                            "os_profile_secrets.#": "0",
                            "resource_group_name": "RG_Formation",
                            "storage_data_disk.#": "0",
                            "storage_image_reference.#": "1",
                            "storage_image_reference.363552096.id": "",
                            "storage_image_reference.363552096.offer": "UbuntuServer",
                            "storage_image_reference.363552096.publisher": "Canonical",
                            "storage_image_reference.363552096.sku": "16.04.0-LTS",
                            "storage_image_reference.363552096.version": "latest",
                            "storage_os_disk.#": "1",
                            "storage_os_disk.0.caching": "ReadWrite",
                            "storage_os_disk.0.create_option": "FromImage",
                            "storage_os_disk.0.disk_size_gb": "30",
                            "storage_os_disk.0.image_uri": "",
                            "storage_os_disk.0.managed_disk_id": "/subscriptions/49d2709f-3abb-47e9-abb6-ce0c26be47f2/resourceGroups/RG_Formation/providers/Microsoft.Compute/disks/myOsDisk11",
                            "storage_os_disk.0.managed_disk_type": "Premium_LRS",
                            "storage_os_disk.0.name": "myOsDisk11",
                            "storage_os_disk.0.os_type": "Linux",
                            "storage_os_disk.0.vhd_uri": "",
                            "storage_os_disk.0.write_accelerator_enabled": "false",
                            "tags.%": "1",
                            "tags.environment": "Terraform Demo",
                            "vm_size": "Standard_DS1_v2",
                            "zones.#": "0"
                        },
                        "meta": {},
                        "tainted": false
                    },
                    "deposed": [],
                    "provider": "provider.azurerm"
                },
                "azurerm_virtual_machine.myterraformvm1.2": {
                    "type": "azurerm_virtual_machine",
                    "depends_on": [
                        "azurerm_network_interface.myterraformnic1.*",
                        "azurerm_resource_group.myterraformgroup",
                        "azurerm_storage_account.mystorageaccount"
                    ],
                    "primary": {
                        "id": "/subscriptions/49d2709f-3abb-47e9-abb6-ce0c26be47f2/resourceGroups/RG_Formation/providers/Microsoft.Compute/virtualMachines/myVM12",
                        "attributes": {
                            "boot_diagnostics.#": "1",
                            "boot_diagnostics.0.enabled": "true",
                            "boot_diagnostics.0.storage_uri": "https://diag63bc56d7aa00f80e.blob.core.windows.net/",
                            "delete_data_disks_on_termination": "false",
                            "delete_os_disk_on_termination": "false",
                            "id": "/subscriptions/49d2709f-3abb-47e9-abb6-ce0c26be47f2/resourceGroups/RG_Formation/providers/Microsoft.Compute/virtualMachines/myVM12",
                            "identity.#": "0",
                            "location": "eastus",
                            "name": "myVM12",
                            "network_interface_ids.#": "1",
                            "network_interface_ids.0": "/subscriptions/49d2709f-3abb-47e9-abb6-ce0c26be47f2/resourceGroups/RG_Formation/providers/Microsoft.Network/networkInterfaces/myNIC12",
                            "os_profile.#": "1",
                            "os_profile.2670347151.admin_password": "",
                            "os_profile.2670347151.admin_username": "azureuser",
                            "os_profile.2670347151.computer_name": "myvm12",
                            "os_profile.2670347151.custom_data": "",
                            "os_profile_linux_config.#": "1",
                            "os_profile_linux_config.69840937.disable_password_authentication": "true",
                            "os_profile_linux_config.69840937.ssh_keys.#": "1",
                            "os_profile_linux_config.69840937.ssh_keys.0.key_data": "ssh-rsa AAAAB3NzaC1yc2EAAAADAQABAAABAQDCuCTfAFjUJspUxmfT16TN8vYHTbxaSNz2ipSRFlF8GopYk76krvGLWFVmFZ9DPdX9Xgj6G9TCfqE0WGx/Me/3TESwpPMIf47en7tDfgrCDWMtnDv6uZkdBlQ4NaNS+PZJ4HvsETDOEzP3ea7Kwoy3VI5f8wSzxycdxCle/q1NfxrzFMiHazCOMUG/znMYoJEM2yyP/1lMxO1LXN3hpjGZNxFC9JtDmTmDRc706qtBfzwy5m3HbfdRAU65o3XgxjW/4nTm7vBnVT2/5VwPkhaAlL+QiJ0+zOrOsEUSyY/dO82yohVV7DpaS648usunEyPn5RKwqC7uZfDQJxkwH9wX root@CentOs.formation",
                            "os_profile_linux_config.69840937.ssh_keys.0.path": "/home/azureuser/.ssh/authorized_keys",
                            "os_profile_secrets.#": "0",
                            "resource_group_name": "RG_Formation",
                            "storage_data_disk.#": "0",
                            "storage_image_reference.#": "1",
                            "storage_image_reference.363552096.id": "",
                            "storage_image_reference.363552096.offer": "UbuntuServer",
                            "storage_image_reference.363552096.publisher": "Canonical",
                            "storage_image_reference.363552096.sku": "16.04.0-LTS",
                            "storage_image_reference.363552096.version": "latest",
                            "storage_os_disk.#": "1",
                            "storage_os_disk.0.caching": "ReadWrite",
                            "storage_os_disk.0.create_option": "FromImage",
                            "storage_os_disk.0.disk_size_gb": "30",
                            "storage_os_disk.0.image_uri": "",
                            "storage_os_disk.0.managed_disk_id": "/subscriptions/49d2709f-3abb-47e9-abb6-ce0c26be47f2/resourceGroups/RG_Formation/providers/Microsoft.Compute/disks/myOsDisk12",
                            "storage_os_disk.0.managed_disk_type": "Premium_LRS",
                            "storage_os_disk.0.name": "myOsDisk12",
                            "storage_os_disk.0.os_type": "Linux",
                            "storage_os_disk.0.vhd_uri": "",
                            "storage_os_disk.0.write_accelerator_enabled": "false",
                            "tags.%": "1",
                            "tags.environment": "Terraform Demo",
                            "vm_size": "Standard_DS1_v2",
                            "zones.#": "0"
                        },
                        "meta": {},
                        "tainted": false
                    },
                    "deposed": [],
                    "provider": "provider.azurerm"
                },
                "azurerm_virtual_machine.myterraformvm5": {
                    "type": "azurerm_virtual_machine",
                    "depends_on": [
                        "azurerm_network_interface.myterraformnic5",
                        "azurerm_resource_group.myterraformgroup5",
                        "azurerm_storage_account.mystorageaccount"
                    ],
                    "primary": {
                        "id": "/subscriptions/49d2709f-3abb-47e9-abb6-ce0c26be47f2/resourceGroups/RG_Formation5/providers/Microsoft.Compute/virtualMachines/myVM5",
                        "attributes": {
                            "boot_diagnostics.#": "1",
                            "boot_diagnostics.0.enabled": "true",
                            "boot_diagnostics.0.storage_uri": "https://diag63bc56d7aa00f80e.blob.core.windows.net/",
                            "delete_data_disks_on_termination": "false",
                            "delete_os_disk_on_termination": "false",
                            "id": "/subscriptions/49d2709f-3abb-47e9-abb6-ce0c26be47f2/resourceGroups/RG_Formation5/providers/Microsoft.Compute/virtualMachines/myVM5",
                            "identity.#": "0",
                            "location": "westeurope",
                            "name": "myVM5",
                            "network_interface_ids.#": "1",
                            "network_interface_ids.0": "/subscriptions/49d2709f-3abb-47e9-abb6-ce0c26be47f2/resourceGroups/RG_Formation5/providers/Microsoft.Network/networkInterfaces/myNIC5",
                            "os_profile.#": "1",
                            "os_profile.1940492988.admin_password": "",
                            "os_profile.1940492988.admin_username": "azureuser",
                            "os_profile.1940492988.computer_name": "myvm5",
                            "os_profile.1940492988.custom_data": "",
                            "os_profile_linux_config.#": "1",
                            "os_profile_linux_config.69840937.disable_password_authentication": "true",
                            "os_profile_linux_config.69840937.ssh_keys.#": "1",
                            "os_profile_linux_config.69840937.ssh_keys.0.key_data": "ssh-rsa AAAAB3NzaC1yc2EAAAADAQABAAABAQDCuCTfAFjUJspUxmfT16TN8vYHTbxaSNz2ipSRFlF8GopYk76krvGLWFVmFZ9DPdX9Xgj6G9TCfqE0WGx/Me/3TESwpPMIf47en7tDfgrCDWMtnDv6uZkdBlQ4NaNS+PZJ4HvsETDOEzP3ea7Kwoy3VI5f8wSzxycdxCle/q1NfxrzFMiHazCOMUG/znMYoJEM2yyP/1lMxO1LXN3hpjGZNxFC9JtDmTmDRc706qtBfzwy5m3HbfdRAU65o3XgxjW/4nTm7vBnVT2/5VwPkhaAlL+QiJ0+zOrOsEUSyY/dO82yohVV7DpaS648usunEyPn5RKwqC7uZfDQJxkwH9wX root@CentOs.formation",
                            "os_profile_linux_config.69840937.ssh_keys.0.path": "/home/azureuser/.ssh/authorized_keys",
                            "os_profile_secrets.#": "0",
                            "resource_group_name": "RG_Formation5",
                            "storage_data_disk.#": "0",
                            "storage_image_reference.#": "1",
                            "storage_image_reference.363552096.id": "",
                            "storage_image_reference.363552096.offer": "UbuntuServer",
                            "storage_image_reference.363552096.publisher": "Canonical",
                            "storage_image_reference.363552096.sku": "16.04.0-LTS",
                            "storage_image_reference.363552096.version": "latest",
                            "storage_os_disk.#": "1",
                            "storage_os_disk.0.caching": "ReadWrite",
                            "storage_os_disk.0.create_option": "FromImage",
                            "storage_os_disk.0.disk_size_gb": "30",
                            "storage_os_disk.0.image_uri": "",
                            "storage_os_disk.0.managed_disk_id": "/subscriptions/49d2709f-3abb-47e9-abb6-ce0c26be47f2/resourceGroups/RG_Formation5/providers/Microsoft.Compute/disks/myOsDisk5",
                            "storage_os_disk.0.managed_disk_type": "Premium_LRS",
                            "storage_os_disk.0.name": "myOsDisk5",
                            "storage_os_disk.0.os_type": "Linux",
                            "storage_os_disk.0.vhd_uri": "",
                            "storage_os_disk.0.write_accelerator_enabled": "false",
                            "tags.%": "1",
                            "tags.environment": "Terraform Demo5",
                            "vm_size": "Standard_DS1_v2",
                            "zones.#": "0"
                        },
                        "meta": {},
                        "tainted": false
                    },
                    "deposed": [],
                    "provider": "provider.azurerm"
                },
                "azurerm_virtual_network.myterraformnetwork": {
                    "type": "azurerm_virtual_network",
                    "depends_on": [
                        "azurerm_resource_group.myterraformgroup"
                    ],
                    "primary": {
                        "id": "/subscriptions/49d2709f-3abb-47e9-abb6-ce0c26be47f2/resourceGroups/RG_Formation/providers/Microsoft.Network/virtualNetworks/myVnet",
                        "attributes": {
                            "address_space.#": "1",
                            "address_space.0": "10.0.0.0/16",
                            "dns_servers.#": "0",
                            "id": "/subscriptions/49d2709f-3abb-47e9-abb6-ce0c26be47f2/resourceGroups/RG_Formation/providers/Microsoft.Network/virtualNetworks/myVnet",
                            "location": "eastus",
                            "name": "myVnet",
                            "resource_group_name": "RG_Formation",
                            "subnet.#": "1",
                            "subnet.2077117380.address_prefix": "10.0.2.0/24",
                            "subnet.2077117380.name": "mySubnet",
                            "subnet.2077117380.security_group": "",
                            "tags.%": "1",
                            "tags.environment": "Terraform Demo"
                        },
                        "meta": {},
                        "tainted": false
                    },
                    "deposed": [],
                    "provider": "provider.azurerm"
                },
                "azurerm_virtual_network.myterraformnetwork5": {
                    "type": "azurerm_virtual_network",
                    "depends_on": [
                        "azurerm_resource_group.myterraformgroup5"
                    ],
                    "primary": {
                        "id": "/subscriptions/49d2709f-3abb-47e9-abb6-ce0c26be47f2/resourceGroups/RG_Formation5/providers/Microsoft.Network/virtualNetworks/myVnet5",
                        "attributes": {
                            "address_space.#": "1",
                            "address_space.0": "10.0.0.0/16",
                            "dns_servers.#": "0",
                            "id": "/subscriptions/49d2709f-3abb-47e9-abb6-ce0c26be47f2/resourceGroups/RG_Formation5/providers/Microsoft.Network/virtualNetworks/myVnet5",
                            "location": "westeurope",
                            "name": "myVnet5",
                            "resource_group_name": "RG_Formation5",
                            "subnet.#": "1",
                            "subnet.3632066833.address_prefix": "10.0.2.0/24",
                            "subnet.3632066833.name": "mySubnet5",
                            "subnet.3632066833.security_group": "",
                            "tags.%": "1",
                            "tags.environment": "Terraform Demo5"
                        },
                        "meta": {},
                        "tainted": false
                    },
                    "deposed": [],
                    "provider": "provider.azurerm"
                },
                "random_id.randomId": {
                    "type": "random_id",
                    "depends_on": [
                        "azurerm_resource_group.myterraformgroup"
                    ],
                    "primary": {
                        "id": "Y7xW16oA-A4",
                        "attributes": {
                            "b64": "Y7xW16oA-A4",
                            "b64_std": "Y7xW16oA+A4=",
                            "b64_url": "Y7xW16oA-A4",
                            "byte_length": "8",
                            "dec": "7186714589646616590",
                            "hex": "63bc56d7aa00f80e",
                            "id": "Y7xW16oA-A4",
                            "keepers.%": "1",
                            "keepers.resource_group": "RG_Formation"
                        },
                        "meta": {},
                        "tainted": false
                    },
                    "deposed": [],
                    "provider": "provider.random"
                },
                "random_id.randomId5": {
                    "type": "random_id",
                    "depends_on": [
                        "azurerm_resource_group.myterraformgroup5"
                    ],
                    "primary": {
                        "id": "8R4lVF8FAz4",
                        "attributes": {
                            "b64": "8R4lVF8FAz4",
                            "b64_std": "8R4lVF8FAz4=",
                            "b64_url": "8R4lVF8FAz4",
                            "byte_length": "8",
                            "dec": "17374365456743596862",
                            "hex": "f11e25545f05033e",
                            "id": "8R4lVF8FAz4",
                            "keepers.%": "1",
                            "keepers.resource_group": "RG_Formation5"
                        },
                        "meta": {},
                        "tainted": false
                    },
                    "deposed": [],
                    "provider": "provider.random"
                }
            },
            "depends_on": []
        }
    ]
}
